
Microsoft Visual Studio Solution File, Format Version 12.00
# Visual Studio 14
VisualStudioVersion = 14.0.24720.0
MinimumVisualStudioVersion = 10.0.40219.1
Project("{2150E333-8FDC-42A3-9474-1A3956D46DE8}") = "Solution Items", "Solution Items", "{6E93BB5B-E821-458E-B627-FA34FCEA40CE}"
	ProjectSection(SolutionItems) = preProject
		eula.txt = eula.txt
		IntegrationTests.testsettings = IntegrationTests.testsettings
		outlinecontrol invoice1.docx = outlinecontrol invoice1.docx
		readme.txt = readme.txt
		UnitTests.testsettings = UnitTests.testsettings
	EndProjectSection
EndProject
Project("{FAE04EC0-301F-11D3-BF4B-00C04F79EFBC}") = "ClassOutlineProject", "ClassOutlinePackage\ClassOutlineProject.csproj", "{E859C8FF-78C6-40B6-A385-2A679058AF96}"
EndProject
Project("{FAE04EC0-301F-11D3-BF4B-00C04F79EFBC}") = "firefly_service.tests", "firefly_service.tests\firefly_service.tests.csproj", "{33AD1080-F969-45AB-8B4F-0ACDBFD3BABF}"
EndProject
Project("{FAE04EC0-301F-11D3-BF4B-00C04F79EFBC}") = "ClassOutline.ControlLibrary", "ClassOutline.ControlLibrary\ClassOutline.ControlLibrary.csproj", "{BB72E9AE-DE88-4B5B-A586-14705563704D}"
EndProject
Project("{FAE04EC0-301F-11D3-BF4B-00C04F79EFBC}") = "OutlineControl.TestApp", "OutlineControl.TestApp\OutlineControl.TestApp.csproj", "{371F04BF-4A82-4085-8529-17DEA9767015}"
EndProject
Global
	GlobalSection(SolutionConfigurationPlatforms) = preSolution
		Debug|Any CPU = Debug|Any CPU
		Release|Any CPU = Release|Any CPU
	EndGlobalSection
	GlobalSection(ProjectConfigurationPlatforms) = postSolution
		{E859C8FF-78C6-40B6-A385-2A679058AF96}.Debug|Any CPU.ActiveCfg = Debug|Any CPU
		{E859C8FF-78C6-40B6-A385-2A679058AF96}.Debug|Any CPU.Build.0 = Debug|Any CPU
		{E859C8FF-78C6-40B6-A385-2A679058AF96}.Release|Any CPU.ActiveCfg = Release|Any CPU
		{E859C8FF-78C6-40B6-A385-2A679058AF96}.Release|Any CPU.Build.0 = Release|Any CPU
		{33AD1080-F969-45AB-8B4F-0ACDBFD3BABF}.Debug|Any CPU.ActiveCfg = Debug|Any CPU
		{33AD1080-F969-45AB-8B4F-0ACDBFD3BABF}.Debug|Any CPU.Build.0 = Debug|Any CPU
		{33AD1080-F969-45AB-8B4F-0ACDBFD3BABF}.Release|Any CPU.ActiveCfg = Release|Any CPU
		{33AD1080-F969-45AB-8B4F-0ACDBFD3BABF}.Release|Any CPU.Build.0 = Release|Any CPU
		{BB72E9AE-DE88-4B5B-A586-14705563704D}.Debug|Any CPU.ActiveCfg = Debug|Any CPU
		{BB72E9AE-DE88-4B5B-A586-14705563704D}.Debug|Any CPU.Build.0 = Debug|Any CPU
		{BB72E9AE-DE88-4B5B-A586-14705563704D}.Release|Any CPU.ActiveCfg = Release|Any CPU
		{BB72E9AE-DE88-4B5B-A586-14705563704D}.Release|Any CPU.Build.0 = Release|Any CPU
		{371F04BF-4A82-4085-8529-17DEA9767015}.Debug|Any CPU.ActiveCfg = Debug|Any CPU
		{371F04BF-4A82-4085-8529-17DEA9767015}.Debug|Any CPU.Build.0 = Debug|Any CPU
		{371F04BF-4A82-4085-8529-17DEA9767015}.Release|Any CPU.ActiveCfg = Release|Any CPU
		{371F04BF-4A82-4085-8529-17DEA9767015}.Release|Any CPU.Build.0 = Release|Any CPU
	EndGlobalSection
	GlobalSection(SolutionProperties) = preSolution
		HideSolutionNode = FALSE
	EndGlobalSection
EndGlobal
