
Microsoft Visual Studio Solution File, Format Version 12.00
# Visual Studio 15
VisualStudioVersion = 15.0.26206.0
MinimumVisualStudioVersion = 10.0.40219.1
Project("{2150E333-8FDC-42A3-9474-1A3956D46DE8}") = "Solution Items", "Solution Items", "{6E93BB5B-E821-458E-B627-FA34FCEA40CE}"
	ProjectSection(SolutionItems) = preProject
		eula.txt = eula.txt
		IntegrationTests.testsettings = IntegrationTests.testsettings
		readme.md = readme.md
		UnitTests.testsettings = UnitTests.testsettings
	EndProjectSection
EndProject
Project("{FAE04EC0-301F-11D3-BF4B-00C04F79EFBC}") = "firefly_service.tests", "2017\firefly_service.tests\firefly_service.tests.csproj", "{33AD1080-F969-45AB-8B4F-0ACDBFD3BABF}"
EndProject
Project("{FAE04EC0-301F-11D3-BF4B-00C04F79EFBC}") = "ClassOutline.ControlLibrary", "2017\ClassOutline.ControlLibrary\ClassOutline.ControlLibrary.csproj", "{BB72E9AE-DE88-4B5B-A586-14705563704D}"
EndProject
Project("{FAE04EC0-301F-11D3-BF4B-00C04F79EFBC}") = "OutlineControl.TestApp", "2017\OutlineControl.TestApp\OutlineControl.TestApp.csproj", "{371F04BF-4A82-4085-8529-17DEA9767015}"
EndProject
Project("{FAE04EC0-301F-11D3-BF4B-00C04F79EFBC}") = "ClassOutline.Logging", "2017\ClassOutline.Logging\ClassOutline.Logging.csproj", "{B4C8F712-573B-4BE0-9906-38734016C0C3}"
EndProject
Project("{FAE04EC0-301F-11D3-BF4B-00C04F79EFBC}") = "ClassOutlineProject.2017", "2017\ClassOutlinePackage.2017\ClassOutlineProject.2017.csproj", "{5B5C010F-856B-435B-86CC-42037912FFF0}"
EndProject
Global
	GlobalSection(SolutionConfigurationPlatforms) = preSolution
		Debug|Any CPU = Debug|Any CPU
		Release|Any CPU = Release|Any CPU
	EndGlobalSection
	GlobalSection(ProjectConfigurationPlatforms) = postSolution
		{33AD1080-F969-45AB-8B4F-0ACDBFD3BABF}.Debug|Any CPU.ActiveCfg = Debug|Any CPU
		{33AD1080-F969-45AB-8B4F-0ACDBFD3BABF}.Debug|Any CPU.Build.0 = Debug|Any CPU
		{33AD1080-F969-45AB-8B4F-0ACDBFD3BABF}.Release|Any CPU.ActiveCfg = Release|Any CPU
		{33AD1080-F969-45AB-8B4F-0ACDBFD3BABF}.Release|Any CPU.Build.0 = Release|Any CPU
		{BB72E9AE-DE88-4B5B-A586-14705563704D}.Debug|Any CPU.ActiveCfg = Debug|Any CPU
		{BB72E9AE-DE88-4B5B-A586-14705563704D}.Debug|Any CPU.Build.0 = Debug|Any CPU
		{BB72E9AE-DE88-4B5B-A586-14705563704D}.Release|Any CPU.ActiveCfg = Release|Any CPU
		{BB72E9AE-DE88-4B5B-A586-14705563704D}.Release|Any CPU.Build.0 = Release|Any CPU
		{371F04BF-4A82-4085-8529-17DEA9767015}.Debug|Any CPU.ActiveCfg = Debug|Any CPU
		{371F04BF-4A82-4085-8529-17DEA9767015}.Debug|Any CPU.Build.0 = Debug|Any CPU
		{371F04BF-4A82-4085-8529-17DEA9767015}.Release|Any CPU.ActiveCfg = Release|Any CPU
		{371F04BF-4A82-4085-8529-17DEA9767015}.Release|Any CPU.Build.0 = Release|Any CPU
		{B4C8F712-573B-4BE0-9906-38734016C0C3}.Debug|Any CPU.ActiveCfg = Debug|Any CPU
		{B4C8F712-573B-4BE0-9906-38734016C0C3}.Debug|Any CPU.Build.0 = Debug|Any CPU
		{B4C8F712-573B-4BE0-9906-38734016C0C3}.Release|Any CPU.ActiveCfg = Release|Any CPU
		{B4C8F712-573B-4BE0-9906-38734016C0C3}.Release|Any CPU.Build.0 = Release|Any CPU
		{5B5C010F-856B-435B-86CC-42037912FFF0}.Debug|Any CPU.ActiveCfg = Debug|Any CPU
		{5B5C010F-856B-435B-86CC-42037912FFF0}.Debug|Any CPU.Build.0 = Debug|Any CPU
		{5B5C010F-856B-435B-86CC-42037912FFF0}.Release|Any CPU.ActiveCfg = Release|Any CPU
		{5B5C010F-856B-435B-86CC-42037912FFF0}.Release|Any CPU.Build.0 = Release|Any CPU
	EndGlobalSection
	GlobalSection(SolutionProperties) = preSolution
		HideSolutionNode = FALSE
	EndGlobalSection
	GlobalSection(ExtensibilityGlobals) = postSolution
		SolutionGuid = {19B5B16B-34AA-4A27-B8D1-D1203ED09864}
	EndGlobalSection
EndGlobal
