
Microsoft Visual Studio Solution File, Format Version 12.00
# Visual Studio 15
VisualStudioVersion = 15.0.28307.757
MinimumVisualStudioVersion = 10.0.40219.1
Project("{2150E333-8FDC-42A3-9474-1A3956D46DE8}") = "Solution Items", "Solution Items", "{6E93BB5B-E821-458E-B627-FA34FCEA40CE}"
	ProjectSection(SolutionItems) = preProject
		eula.txt = eula.txt
		IntegrationTests.testsettings = IntegrationTests.testsettings
		readme.md = readme.md
		UnitTests.testsettings = UnitTests.testsettings
	EndProjectSection
EndProject
Project("{FAE04EC0-301F-11D3-BF4B-00C04F79EFBC}") = "ClassOutline.ControlLibrary", "2022\ClassOutline.ControlLibrary\ClassOutline.ControlLibrary.csproj", "{BB72E9AE-DE88-4B5B-A586-14705563704D}"
EndProject
Project("{FAE04EC0-301F-11D3-BF4B-00C04F79EFBC}") = "OutlineControl.TestApp", "2022\OutlineControl.TestApp\OutlineControl.TestApp.csproj", "{371F04BF-4A82-4085-8529-17DEA9767015}"
EndProject
Project("{FAE04EC0-301F-11D3-BF4B-00C04F79EFBC}") = "ClassOutline.Logging", "2022\ClassOutline.Logging\ClassOutline.Logging.csproj", "{B4C8F712-573B-4BE0-9906-38734016C0C3}"
EndProject
Project("{FAE04EC0-301F-11D3-BF4B-00C04F79EFBC}") = "ClassOutlineProject", "2022\ClassOutlinePackage\ClassOutlineProject.csproj", "{5B5C010F-856B-435B-86CC-42037912FFF0}"
EndProject
Global
	GlobalSection(SolutionConfigurationPlatforms) = preSolution
		Debug|Any CPU = Debug|Any CPU
		Debug|x64 = Debug|x64
		Debug|x86 = Debug|x86
		Release|Any CPU = Release|Any CPU
		Release|x64 = Release|x64
		Release|x86 = Release|x86
	EndGlobalSection
	GlobalSection(ProjectConfigurationPlatforms) = postSolution
		{BB72E9AE-DE88-4B5B-A586-14705563704D}.Debug|Any CPU.ActiveCfg = Debug|Any CPU
		{BB72E9AE-DE88-4B5B-A586-14705563704D}.Debug|Any CPU.Build.0 = Debug|Any CPU
		{BB72E9AE-DE88-4B5B-A586-14705563704D}.Debug|x64.ActiveCfg = Debug|x64
		{BB72E9AE-DE88-4B5B-A586-14705563704D}.Debug|x64.Build.0 = Debug|x64
		{BB72E9AE-DE88-4B5B-A586-14705563704D}.Debug|x86.ActiveCfg = Debug|Any CPU
		{BB72E9AE-DE88-4B5B-A586-14705563704D}.Debug|x86.Build.0 = Debug|Any CPU
		{BB72E9AE-DE88-4B5B-A586-14705563704D}.Release|Any CPU.ActiveCfg = Release|Any CPU
		{BB72E9AE-DE88-4B5B-A586-14705563704D}.Release|Any CPU.Build.0 = Release|Any CPU
		{BB72E9AE-DE88-4B5B-A586-14705563704D}.Release|x64.ActiveCfg = Release|x64
		{BB72E9AE-DE88-4B5B-A586-14705563704D}.Release|x64.Build.0 = Release|x64
		{BB72E9AE-DE88-4B5B-A586-14705563704D}.Release|x86.ActiveCfg = Release|Any CPU
		{BB72E9AE-DE88-4B5B-A586-14705563704D}.Release|x86.Build.0 = Release|Any CPU
		{371F04BF-4A82-4085-8529-17DEA9767015}.Debug|Any CPU.ActiveCfg = Debug|Any CPU
		{371F04BF-4A82-4085-8529-17DEA9767015}.Debug|Any CPU.Build.0 = Debug|Any CPU
		{371F04BF-4A82-4085-8529-17DEA9767015}.Debug|x64.ActiveCfg = Debug|x64
		{371F04BF-4A82-4085-8529-17DEA9767015}.Debug|x64.Build.0 = Debug|x64
		{371F04BF-4A82-4085-8529-17DEA9767015}.Debug|x86.ActiveCfg = Debug|Any CPU
		{371F04BF-4A82-4085-8529-17DEA9767015}.Debug|x86.Build.0 = Debug|Any CPU
		{371F04BF-4A82-4085-8529-17DEA9767015}.Release|Any CPU.ActiveCfg = Release|Any CPU
		{371F04BF-4A82-4085-8529-17DEA9767015}.Release|Any CPU.Build.0 = Release|Any CPU
		{371F04BF-4A82-4085-8529-17DEA9767015}.Release|x64.ActiveCfg = Release|x64
		{371F04BF-4A82-4085-8529-17DEA9767015}.Release|x64.Build.0 = Release|x64
		{371F04BF-4A82-4085-8529-17DEA9767015}.Release|x86.ActiveCfg = Release|Any CPU
		{371F04BF-4A82-4085-8529-17DEA9767015}.Release|x86.Build.0 = Release|Any CPU
		{B4C8F712-573B-4BE0-9906-38734016C0C3}.Debug|Any CPU.ActiveCfg = Debug|Any CPU
		{B4C8F712-573B-4BE0-9906-38734016C0C3}.Debug|Any CPU.Build.0 = Debug|Any CPU
		{B4C8F712-573B-4BE0-9906-38734016C0C3}.Debug|x64.ActiveCfg = Debug|x64
		{B4C8F712-573B-4BE0-9906-38734016C0C3}.Debug|x64.Build.0 = Debug|x64
		{B4C8F712-573B-4BE0-9906-38734016C0C3}.Debug|x86.ActiveCfg = Debug|Any CPU
		{B4C8F712-573B-4BE0-9906-38734016C0C3}.Debug|x86.Build.0 = Debug|Any CPU
		{B4C8F712-573B-4BE0-9906-38734016C0C3}.Release|Any CPU.ActiveCfg = Release|Any CPU
		{B4C8F712-573B-4BE0-9906-38734016C0C3}.Release|Any CPU.Build.0 = Release|Any CPU
		{B4C8F712-573B-4BE0-9906-38734016C0C3}.Release|x64.ActiveCfg = Release|x64
		{B4C8F712-573B-4BE0-9906-38734016C0C3}.Release|x64.Build.0 = Release|x64
		{B4C8F712-573B-4BE0-9906-38734016C0C3}.Release|x86.ActiveCfg = Release|Any CPU
		{B4C8F712-573B-4BE0-9906-38734016C0C3}.Release|x86.Build.0 = Release|Any CPU
		{5B5C010F-856B-435B-86CC-42037912FFF0}.Debug|Any CPU.ActiveCfg = Debug|Any CPU
		{5B5C010F-856B-435B-86CC-42037912FFF0}.Debug|Any CPU.Build.0 = Debug|Any CPU
		{5B5C010F-856B-435B-86CC-42037912FFF0}.Debug|x64.ActiveCfg = Debug|x64
		{5B5C010F-856B-435B-86CC-42037912FFF0}.Debug|x64.Build.0 = Debug|x64
		{5B5C010F-856B-435B-86CC-42037912FFF0}.Debug|x86.ActiveCfg = Debug|Any CPU
		{5B5C010F-856B-435B-86CC-42037912FFF0}.Debug|x86.Build.0 = Debug|Any CPU
		{5B5C010F-856B-435B-86CC-42037912FFF0}.Release|Any CPU.ActiveCfg = Release|Any CPU
		{5B5C010F-856B-435B-86CC-42037912FFF0}.Release|Any CPU.Build.0 = Release|Any CPU
		{5B5C010F-856B-435B-86CC-42037912FFF0}.Release|x64.ActiveCfg = Release|x64
		{5B5C010F-856B-435B-86CC-42037912FFF0}.Release|x64.Build.0 = Release|x64
		{5B5C010F-856B-435B-86CC-42037912FFF0}.Release|x86.ActiveCfg = Release|Any CPU
		{5B5C010F-856B-435B-86CC-42037912FFF0}.Release|x86.Build.0 = Release|Any CPU
	EndGlobalSection
	GlobalSection(SolutionProperties) = preSolution
		HideSolutionNode = FALSE
	EndGlobalSection
	GlobalSection(ExtensibilityGlobals) = postSolution
		SolutionGuid = {19B5B16B-34AA-4A27-B8D1-D1203ED09864}
	EndGlobalSection
EndGlobal
